
Microsoft Visual Studio Solution File, Format Version 12.00
# Visual Studio Version 16
VisualStudioVersion = 16.0.29505.145
MinimumVisualStudioVersion = 10.0.40219.1
Project("{FAE04EC0-301F-11D3-BF4B-00C04F79EFBC}") = "PhoneNumbersComparer", "PhoneNumbersComparer\PhoneNumbersComparer.csproj", "{317C1458-5623-4924-8C5C-142EE6132311}"
EndProject
Project("{FAE04EC0-301F-11D3-BF4B-00C04F79EFBC}") = "Tests", "Tests\Tests.csproj", "{FD4F109A-E41F-4705-8E13-2F7DABA72999}"
EndProject
Global
	GlobalSection(SolutionConfigurationPlatforms) = preSolution
		Debug|Any CPU = Debug|Any CPU
		Release|Any CPU = Release|Any CPU
	EndGlobalSection
	GlobalSection(ProjectConfigurationPlatforms) = postSolution
		{317C1458-5623-4924-8C5C-142EE6132311}.Debug|Any CPU.ActiveCfg = Debug|Any CPU
		{317C1458-5623-4924-8C5C-142EE6132311}.Debug|Any CPU.Build.0 = Debug|Any CPU
		{317C1458-5623-4924-8C5C-142EE6132311}.Release|Any CPU.ActiveCfg = Release|Any CPU
		{317C1458-5623-4924-8C5C-142EE6132311}.Release|Any CPU.Build.0 = Release|Any CPU
		{FD4F109A-E41F-4705-8E13-2F7DABA72999}.Debug|Any CPU.ActiveCfg = Debug|Any CPU
		{FD4F109A-E41F-4705-8E13-2F7DABA72999}.Debug|Any CPU.Build.0 = Debug|Any CPU
		{FD4F109A-E41F-4705-8E13-2F7DABA72999}.Release|Any CPU.ActiveCfg = Release|Any CPU
		{FD4F109A-E41F-4705-8E13-2F7DABA72999}.Release|Any CPU.Build.0 = Release|Any CPU
	EndGlobalSection
	GlobalSection(SolutionProperties) = preSolution
		HideSolutionNode = FALSE
	EndGlobalSection
	GlobalSection(ExtensibilityGlobals) = postSolution
		SolutionGuid = {94750729-88D0-497E-ABB7-FDACF28B4E1F}
	EndGlobalSection
EndGlobal
